// !$*UTF8*$!
{
	archiveVersion = 1;
	classes = {
	};
	objectVersion = 50;
	objects = {

/* Begin PBXBuildFile section */
		3D3F0A6024AFA81200D78FCF /* TownListView.swift in Sources */ = {isa = PBXBuildFile; fileRef = 3D3F0A5F24AFA81200D78FCF /* TownListView.swift */; };
		3D3F0A6124AFA81200D78FCF /* TownListView.swift in Sources */ = {isa = PBXBuildFile; fileRef = 3D3F0A5F24AFA81200D78FCF /* TownListView.swift */; };
		3D3F0A6324AFA82300D78FCF /* TownListViewModel.swift in Sources */ = {isa = PBXBuildFile; fileRef = 3D3F0A6224AFA82300D78FCF /* TownListViewModel.swift */; };
		3D3F0A6424AFA82300D78FCF /* TownListViewModel.swift in Sources */ = {isa = PBXBuildFile; fileRef = 3D3F0A6224AFA82300D78FCF /* TownListViewModel.swift */; };
		3D63DB5324ADEE87008425E6 /* Tests_iOS.swift in Sources */ = {isa = PBXBuildFile; fileRef = 3D63DB5224ADEE87008425E6 /* Tests_iOS.swift */; };
		3D63DB5E24ADEE87008425E6 /* Tests_macOS.swift in Sources */ = {isa = PBXBuildFile; fileRef = 3D63DB5D24ADEE87008425E6 /* Tests_macOS.swift */; };
		3D63DB6024ADEE87008425E6 /* MeteoApp.swift in Sources */ = {isa = PBXBuildFile; fileRef = 3D63DB3724ADEE85008425E6 /* MeteoApp.swift */; };
		3D63DB6124ADEE87008425E6 /* MeteoApp.swift in Sources */ = {isa = PBXBuildFile; fileRef = 3D63DB3724ADEE85008425E6 /* MeteoApp.swift */; };
		3D63DB6224ADEE87008425E6 /* ContentView.swift in Sources */ = {isa = PBXBuildFile; fileRef = 3D63DB3824ADEE85008425E6 /* ContentView.swift */; };
		3D63DB6324ADEE87008425E6 /* ContentView.swift in Sources */ = {isa = PBXBuildFile; fileRef = 3D63DB3824ADEE85008425E6 /* ContentView.swift */; };
		3D63DB6424ADEE87008425E6 /* Assets.xcassets in Resources */ = {isa = PBXBuildFile; fileRef = 3D63DB3924ADEE87008425E6 /* Assets.xcassets */; };
		3D63DB6524ADEE87008425E6 /* Assets.xcassets in Resources */ = {isa = PBXBuildFile; fileRef = 3D63DB3924ADEE87008425E6 /* Assets.xcassets */; };
		3D63DB7524AE180F008425E6 /* WebService.swift in Sources */ = {isa = PBXBuildFile; fileRef = 3D63DB7424AE180F008425E6 /* WebService.swift */; };
		3D63DB7624AE180F008425E6 /* WebService.swift in Sources */ = {isa = PBXBuildFile; fileRef = 3D63DB7424AE180F008425E6 /* WebService.swift */; };
		3D63DB7824AE1C85008425E6 /* PredictionView.swift in Sources */ = {isa = PBXBuildFile; fileRef = 3D63DB7724AE1C85008425E6 /* PredictionView.swift */; };
		3D63DB7924AE1C85008425E6 /* PredictionView.swift in Sources */ = {isa = PBXBuildFile; fileRef = 3D63DB7724AE1C85008425E6 /* PredictionView.swift */; };
		3D63DB7B24AE1F07008425E6 /* Models.swift in Sources */ = {isa = PBXBuildFile; fileRef = 3D63DB7A24AE1F07008425E6 /* Models.swift */; };
		3D63DB7C24AE1F07008425E6 /* Models.swift in Sources */ = {isa = PBXBuildFile; fileRef = 3D63DB7A24AE1F07008425E6 /* Models.swift */; };
		3D63DB7E24AE2050008425E6 /* PredictionViewModel.swift in Sources */ = {isa = PBXBuildFile; fileRef = 3D63DB7D24AE2050008425E6 /* PredictionViewModel.swift */; };
		3D63DB7F24AE2050008425E6 /* PredictionViewModel.swift in Sources */ = {isa = PBXBuildFile; fileRef = 3D63DB7D24AE2050008425E6 /* PredictionViewModel.swift */; };
		3DA6C72524AFE55D008B6857 /* municipios.json in Resources */ = {isa = PBXBuildFile; fileRef = 3DA6C72424AFE55D008B6857 /* municipios.json */; };
		3DA6C72624AFE55D008B6857 /* municipios.json in Resources */ = {isa = PBXBuildFile; fileRef = 3DA6C72424AFE55D008B6857 /* municipios.json */; };
		3DB5957824B1D844005BDF8F /* FavouriteTownManager.swift in Sources */ = {isa = PBXBuildFile; fileRef = 3DB5957724B1D844005BDF8F /* FavouriteTownManager.swift */; };
		3DB5957924B1D844005BDF8F /* FavouriteTownManager.swift in Sources */ = {isa = PBXBuildFile; fileRef = 3DB5957724B1D844005BDF8F /* FavouriteTownManager.swift */; };
		3DB5957B24B1E2F5005BDF8F /* SearchBar.swift in Sources */ = {isa = PBXBuildFile; fileRef = 3DB5957A24B1E2F5005BDF8F /* SearchBar.swift */; };
		3DB5957C24B1E2F5005BDF8F /* SearchBar.swift in Sources */ = {isa = PBXBuildFile; fileRef = 3DB5957A24B1E2F5005BDF8F /* SearchBar.swift */; };
		3DB5957E24B1E8F4005BDF8F /* key.plist in Resources */ = {isa = PBXBuildFile; fileRef = 3DB5957D24B1E8F4005BDF8F /* key.plist */; };
		3DB5957F24B1E8F4005BDF8F /* key.plist in Resources */ = {isa = PBXBuildFile; fileRef = 3DB5957D24B1E8F4005BDF8F /* key.plist */; };
/* End PBXBuildFile section */

/* Begin PBXContainerItemProxy section */
		3D63DB4F24ADEE87008425E6 /* PBXContainerItemProxy */ = {
			isa = PBXContainerItemProxy;
			containerPortal = 3D63DB3224ADEE85008425E6 /* Project object */;
			proxyType = 1;
			remoteGlobalIDString = 3D63DB3D24ADEE87008425E6;
			remoteInfo = iOS;
		};
		3D63DB5A24ADEE87008425E6 /* PBXContainerItemProxy */ = {
			isa = PBXContainerItemProxy;
			containerPortal = 3D63DB3224ADEE85008425E6 /* Project object */;
			proxyType = 1;
			remoteGlobalIDString = 3D63DB4524ADEE87008425E6;
			remoteInfo = macOS;
		};
/* End PBXContainerItemProxy section */

/* Begin PBXFileReference section */
		3D3F0A5F24AFA81200D78FCF /* TownListView.swift */ = {isa = PBXFileReference; lastKnownFileType = sourcecode.swift; path = TownListView.swift; sourceTree = "<group>"; };
		3D3F0A6224AFA82300D78FCF /* TownListViewModel.swift */ = {isa = PBXFileReference; lastKnownFileType = sourcecode.swift; path = TownListViewModel.swift; sourceTree = "<group>"; };
		3D63DB3724ADEE85008425E6 /* MeteoApp.swift */ = {isa = PBXFileReference; lastKnownFileType = sourcecode.swift; path = MeteoApp.swift; sourceTree = "<group>"; };
		3D63DB3824ADEE85008425E6 /* ContentView.swift */ = {isa = PBXFileReference; lastKnownFileType = sourcecode.swift; path = ContentView.swift; sourceTree = "<group>"; };
		3D63DB3924ADEE87008425E6 /* Assets.xcassets */ = {isa = PBXFileReference; lastKnownFileType = folder.assetcatalog; path = Assets.xcassets; sourceTree = "<group>"; };
		3D63DB3E24ADEE87008425E6 /* Meteo.app */ = {isa = PBXFileReference; explicitFileType = wrapper.application; includeInIndex = 0; path = Meteo.app; sourceTree = BUILT_PRODUCTS_DIR; };
		3D63DB4124ADEE87008425E6 /* Info.plist */ = {isa = PBXFileReference; lastKnownFileType = text.plist.xml; path = Info.plist; sourceTree = "<group>"; };
		3D63DB4624ADEE87008425E6 /* Meteo.app */ = {isa = PBXFileReference; explicitFileType = wrapper.application; includeInIndex = 0; path = Meteo.app; sourceTree = BUILT_PRODUCTS_DIR; };
		3D63DB4824ADEE87008425E6 /* Info.plist */ = {isa = PBXFileReference; lastKnownFileType = text.plist.xml; path = Info.plist; sourceTree = "<group>"; };
		3D63DB4924ADEE87008425E6 /* macOS.entitlements */ = {isa = PBXFileReference; lastKnownFileType = text.plist.entitlements; path = macOS.entitlements; sourceTree = "<group>"; };
		3D63DB4E24ADEE87008425E6 /* Tests iOS.xctest */ = {isa = PBXFileReference; explicitFileType = wrapper.cfbundle; includeInIndex = 0; path = "Tests iOS.xctest"; sourceTree = BUILT_PRODUCTS_DIR; };
		3D63DB5224ADEE87008425E6 /* Tests_iOS.swift */ = {isa = PBXFileReference; lastKnownFileType = sourcecode.swift; path = Tests_iOS.swift; sourceTree = "<group>"; };
		3D63DB5424ADEE87008425E6 /* Info.plist */ = {isa = PBXFileReference; lastKnownFileType = text.plist.xml; path = Info.plist; sourceTree = "<group>"; };
		3D63DB5924ADEE87008425E6 /* Tests macOS.xctest */ = {isa = PBXFileReference; explicitFileType = wrapper.cfbundle; includeInIndex = 0; path = "Tests macOS.xctest"; sourceTree = BUILT_PRODUCTS_DIR; };
		3D63DB5D24ADEE87008425E6 /* Tests_macOS.swift */ = {isa = PBXFileReference; lastKnownFileType = sourcecode.swift; path = Tests_macOS.swift; sourceTree = "<group>"; };
		3D63DB5F24ADEE87008425E6 /* Info.plist */ = {isa = PBXFileReference; lastKnownFileType = text.plist.xml; path = Info.plist; sourceTree = "<group>"; };
		3D63DB7424AE180F008425E6 /* WebService.swift */ = {isa = PBXFileReference; lastKnownFileType = sourcecode.swift; path = WebService.swift; sourceTree = "<group>"; };
		3D63DB7724AE1C85008425E6 /* PredictionView.swift */ = {isa = PBXFileReference; lastKnownFileType = sourcecode.swift; path = PredictionView.swift; sourceTree = "<group>"; };
		3D63DB7A24AE1F07008425E6 /* Models.swift */ = {isa = PBXFileReference; lastKnownFileType = sourcecode.swift; path = Models.swift; sourceTree = "<group>"; };
		3D63DB7D24AE2050008425E6 /* PredictionViewModel.swift */ = {isa = PBXFileReference; lastKnownFileType = sourcecode.swift; path = PredictionViewModel.swift; sourceTree = "<group>"; };
		3DA6C72424AFE55D008B6857 /* municipios.json */ = {isa = PBXFileReference; fileEncoding = 4; lastKnownFileType = text.json; path = municipios.json; sourceTree = "<group>"; };
		3DB5957724B1D844005BDF8F /* FavouriteTownManager.swift */ = {isa = PBXFileReference; lastKnownFileType = sourcecode.swift; path = FavouriteTownManager.swift; sourceTree = "<group>"; };
		3DB5957A24B1E2F5005BDF8F /* SearchBar.swift */ = {isa = PBXFileReference; lastKnownFileType = sourcecode.swift; path = SearchBar.swift; sourceTree = "<group>"; };
		3DB5957D24B1E8F4005BDF8F /* key.plist */ = {isa = PBXFileReference; lastKnownFileType = text.plist.xml; path = key.plist; sourceTree = "<group>"; };
/* End PBXFileReference section */

/* Begin PBXFrameworksBuildPhase section */
		3D63DB3B24ADEE87008425E6 /* Frameworks */ = {
			isa = PBXFrameworksBuildPhase;
			buildActionMask = 2147483647;
			files = (
			);
			runOnlyForDeploymentPostprocessing = 0;
		};
		3D63DB4324ADEE87008425E6 /* Frameworks */ = {
			isa = PBXFrameworksBuildPhase;
			buildActionMask = 2147483647;
			files = (
			);
			runOnlyForDeploymentPostprocessing = 0;
		};
		3D63DB4B24ADEE87008425E6 /* Frameworks */ = {
			isa = PBXFrameworksBuildPhase;
			buildActionMask = 2147483647;
			files = (
			);
			runOnlyForDeploymentPostprocessing = 0;
		};
		3D63DB5624ADEE87008425E6 /* Frameworks */ = {
			isa = PBXFrameworksBuildPhase;
			buildActionMask = 2147483647;
			files = (
			);
			runOnlyForDeploymentPostprocessing = 0;
		};
/* End PBXFrameworksBuildPhase section */

/* Begin PBXGroup section */
		3D2AABE124B20D6600A382E5 /* Previews */ = {
			isa = PBXGroup;
			children = (
			);
			path = Previews;
			sourceTree = "<group>";
		};
		3D63DB3124ADEE85008425E6 = {
			isa = PBXGroup;
			children = (
				3D63DB3624ADEE85008425E6 /* Shared */,
				3D63DB4024ADEE87008425E6 /* iOS */,
				3D63DB4724ADEE87008425E6 /* macOS */,
				3D63DB5124ADEE87008425E6 /* Tests iOS */,
				3D63DB5C24ADEE87008425E6 /* Tests macOS */,
				3D63DB3F24ADEE87008425E6 /* Products */,
			);
			sourceTree = "<group>";
		};
		3D63DB3624ADEE85008425E6 /* Shared */ = {
			isa = PBXGroup;
			children = (
				3DB5958024B1EA44005BDF8F /* Resources */,
				3D63DB3724ADEE85008425E6 /* MeteoApp.swift */,
				3D3F0A5F24AFA81200D78FCF /* TownListView.swift */,
				3DB5957A24B1E2F5005BDF8F /* SearchBar.swift */,
				3D3F0A6224AFA82300D78FCF /* TownListViewModel.swift */,
				3D63DB7424AE180F008425E6 /* WebService.swift */,
				3D63DB7A24AE1F07008425E6 /* Models.swift */,
				3D63DB7D24AE2050008425E6 /* PredictionViewModel.swift */,
				3D63DB7724AE1C85008425E6 /* PredictionView.swift */,
				3D63DB3824ADEE85008425E6 /* ContentView.swift */,
				3DB5957724B1D844005BDF8F /* FavouriteTownManager.swift */,
				3D63DB3924ADEE87008425E6 /* Assets.xcassets */,
			);
			path = Shared;
			sourceTree = "<group>";
		};
		3D63DB3F24ADEE87008425E6 /* Products */ = {
			isa = PBXGroup;
			children = (
				3D63DB3E24ADEE87008425E6 /* Meteo.app */,
				3D63DB4624ADEE87008425E6 /* Meteo.app */,
				3D63DB4E24ADEE87008425E6 /* Tests iOS.xctest */,
				3D63DB5924ADEE87008425E6 /* Tests macOS.xctest */,
			);
			name = Products;
			sourceTree = "<group>";
		};
		3D63DB4024ADEE87008425E6 /* iOS */ = {
			isa = PBXGroup;
			children = (
				3D63DB4124ADEE87008425E6 /* Info.plist */,
			);
			path = iOS;
			sourceTree = "<group>";
		};
		3D63DB4724ADEE87008425E6 /* macOS */ = {
			isa = PBXGroup;
			children = (
				3D63DB4824ADEE87008425E6 /* Info.plist */,
				3D63DB4924ADEE87008425E6 /* macOS.entitlements */,
			);
			path = macOS;
			sourceTree = "<group>";
		};
		3D63DB5124ADEE87008425E6 /* Tests iOS */ = {
			isa = PBXGroup;
			children = (
				3D63DB5224ADEE87008425E6 /* Tests_iOS.swift */,
				3D63DB5424ADEE87008425E6 /* Info.plist */,
			);
			path = "Tests iOS";
			sourceTree = "<group>";
		};
		3D63DB5C24ADEE87008425E6 /* Tests macOS */ = {
			isa = PBXGroup;
			children = (
				3D63DB5D24ADEE87008425E6 /* Tests_macOS.swift */,
				3D63DB5F24ADEE87008425E6 /* Info.plist */,
			);
			path = "Tests macOS";
			sourceTree = "<group>";
		};
		3DB5958024B1EA44005BDF8F /* Resources */ = {
			isa = PBXGroup;
			children = (
				3D2AABE124B20D6600A382E5 /* Previews */,
				3DB5957D24B1E8F4005BDF8F /* key.plist */,
				3DA6C72424AFE55D008B6857 /* municipios.json */,
			);
			path = Resources;
			sourceTree = "<group>";
		};
/* End PBXGroup section */

/* Begin PBXNativeTarget section */
		3D63DB3D24ADEE87008425E6 /* iOS */ = {
			isa = PBXNativeTarget;
			buildConfigurationList = 3D63DB6824ADEE87008425E6 /* Build configuration list for PBXNativeTarget "iOS" */;
			buildPhases = (
				3D63DB3A24ADEE87008425E6 /* Sources */,
				3D63DB3B24ADEE87008425E6 /* Frameworks */,
				3D63DB3C24ADEE87008425E6 /* Resources */,
			);
			buildRules = (
			);
			dependencies = (
			);
			name = iOS;
			productName = iOS;
			productReference = 3D63DB3E24ADEE87008425E6 /* Meteo.app */;
			productType = "com.apple.product-type.application";
		};
		3D63DB4524ADEE87008425E6 /* macOS */ = {
			isa = PBXNativeTarget;
			buildConfigurationList = 3D63DB6B24ADEE87008425E6 /* Build configuration list for PBXNativeTarget "macOS" */;
			buildPhases = (
				3D63DB4224ADEE87008425E6 /* Sources */,
				3D63DB4324ADEE87008425E6 /* Frameworks */,
				3D63DB4424ADEE87008425E6 /* Resources */,
			);
			buildRules = (
			);
			dependencies = (
			);
			name = macOS;
			productName = macOS;
			productReference = 3D63DB4624ADEE87008425E6 /* Meteo.app */;
			productType = "com.apple.product-type.application";
		};
		3D63DB4D24ADEE87008425E6 /* Tests iOS */ = {
			isa = PBXNativeTarget;
			buildConfigurationList = 3D63DB6E24ADEE87008425E6 /* Build configuration list for PBXNativeTarget "Tests iOS" */;
			buildPhases = (
				3D63DB4A24ADEE87008425E6 /* Sources */,
				3D63DB4B24ADEE87008425E6 /* Frameworks */,
				3D63DB4C24ADEE87008425E6 /* Resources */,
			);
			buildRules = (
			);
			dependencies = (
				3D63DB5024ADEE87008425E6 /* PBXTargetDependency */,
			);
			name = "Tests iOS";
			productName = "Tests iOS";
			productReference = 3D63DB4E24ADEE87008425E6 /* Tests iOS.xctest */;
			productType = "com.apple.product-type.bundle.ui-testing";
		};
		3D63DB5824ADEE87008425E6 /* Tests macOS */ = {
			isa = PBXNativeTarget;
			buildConfigurationList = 3D63DB7124ADEE87008425E6 /* Build configuration list for PBXNativeTarget "Tests macOS" */;
			buildPhases = (
				3D63DB5524ADEE87008425E6 /* Sources */,
				3D63DB5624ADEE87008425E6 /* Frameworks */,
				3D63DB5724ADEE87008425E6 /* Resources */,
			);
			buildRules = (
			);
			dependencies = (
				3D63DB5B24ADEE87008425E6 /* PBXTargetDependency */,
			);
			name = "Tests macOS";
			productName = "Tests macOS";
			productReference = 3D63DB5924ADEE87008425E6 /* Tests macOS.xctest */;
			productType = "com.apple.product-type.bundle.ui-testing";
		};
/* End PBXNativeTarget section */

/* Begin PBXProject section */
		3D63DB3224ADEE85008425E6 /* Project object */ = {
			isa = PBXProject;
			attributes = {
				LastSwiftUpdateCheck = 1200;
				LastUpgradeCheck = 1200;
				TargetAttributes = {
					3D63DB3D24ADEE87008425E6 = {
						CreatedOnToolsVersion = 12.0;
					};
					3D63DB4524ADEE87008425E6 = {
						CreatedOnToolsVersion = 12.0;
					};
					3D63DB4D24ADEE87008425E6 = {
						CreatedOnToolsVersion = 12.0;
						TestTargetID = 3D63DB3D24ADEE87008425E6;
					};
					3D63DB5824ADEE87008425E6 = {
						CreatedOnToolsVersion = 12.0;
						TestTargetID = 3D63DB4524ADEE87008425E6;
					};
				};
			};
			buildConfigurationList = 3D63DB3524ADEE85008425E6 /* Build configuration list for PBXProject "Meteo" */;
			compatibilityVersion = "Xcode 9.3";
			developmentRegion = en;
			hasScannedForEncodings = 0;
			knownRegions = (
				en,
				Base,
			);
			mainGroup = 3D63DB3124ADEE85008425E6;
			productRefGroup = 3D63DB3F24ADEE87008425E6 /* Products */;
			projectDirPath = "";
			projectRoot = "";
			targets = (
				3D63DB3D24ADEE87008425E6 /* iOS */,
				3D63DB4524ADEE87008425E6 /* macOS */,
				3D63DB4D24ADEE87008425E6 /* Tests iOS */,
				3D63DB5824ADEE87008425E6 /* Tests macOS */,
			);
		};
/* End PBXProject section */

/* Begin PBXResourcesBuildPhase section */
		3D63DB3C24ADEE87008425E6 /* Resources */ = {
			isa = PBXResourcesBuildPhase;
			buildActionMask = 2147483647;
			files = (
				3D63DB6424ADEE87008425E6 /* Assets.xcassets in Resources */,
				3DB5957E24B1E8F4005BDF8F /* key.plist in Resources */,
				3DA6C72524AFE55D008B6857 /* municipios.json in Resources */,
			);
			runOnlyForDeploymentPostprocessing = 0;
		};
		3D63DB4424ADEE87008425E6 /* Resources */ = {
			isa = PBXResourcesBuildPhase;
			buildActionMask = 2147483647;
			files = (
				3D63DB6524ADEE87008425E6 /* Assets.xcassets in Resources */,
				3DB5957F24B1E8F4005BDF8F /* key.plist in Resources */,
				3DA6C72624AFE55D008B6857 /* municipios.json in Resources */,
			);
			runOnlyForDeploymentPostprocessing = 0;
		};
		3D63DB4C24ADEE87008425E6 /* Resources */ = {
			isa = PBXResourcesBuildPhase;
			buildActionMask = 2147483647;
			files = (
			);
			runOnlyForDeploymentPostprocessing = 0;
		};
		3D63DB5724ADEE87008425E6 /* Resources */ = {
			isa = PBXResourcesBuildPhase;
			buildActionMask = 2147483647;
			files = (
			);
			runOnlyForDeploymentPostprocessing = 0;
		};
/* End PBXResourcesBuildPhase section */

/* Begin PBXSourcesBuildPhase section */
		3D63DB3A24ADEE87008425E6 /* Sources */ = {
			isa = PBXSourcesBuildPhase;
			buildActionMask = 2147483647;
			files = (
				3D63DB7524AE180F008425E6 /* WebService.swift in Sources */,
				3D63DB7E24AE2050008425E6 /* PredictionViewModel.swift in Sources */,
				3D3F0A6324AFA82300D78FCF /* TownListViewModel.swift in Sources */,
				3D63DB6224ADEE87008425E6 /* ContentView.swift in Sources */,
				3DB5957824B1D844005BDF8F /* FavouriteTownManager.swift in Sources */,
				3D3F0A6024AFA81200D78FCF /* TownListView.swift in Sources */,
				3D63DB6024ADEE87008425E6 /* MeteoApp.swift in Sources */,
				3DB5957B24B1E2F5005BDF8F /* SearchBar.swift in Sources */,
				3D63DB7824AE1C85008425E6 /* PredictionView.swift in Sources */,
				3D63DB7B24AE1F07008425E6 /* Models.swift in Sources */,
			);
			runOnlyForDeploymentPostprocessing = 0;
		};
		3D63DB4224ADEE87008425E6 /* Sources */ = {
			isa = PBXSourcesBuildPhase;
			buildActionMask = 2147483647;
			files = (
				3D63DB7624AE180F008425E6 /* WebService.swift in Sources */,
				3D63DB7F24AE2050008425E6 /* PredictionViewModel.swift in Sources */,
				3D3F0A6424AFA82300D78FCF /* TownListViewModel.swift in Sources */,
				3D63DB6324ADEE87008425E6 /* ContentView.swift in Sources */,
				3DB5957924B1D844005BDF8F /* FavouriteTownManager.swift in Sources */,
				3D3F0A6124AFA81200D78FCF /* TownListView.swift in Sources */,
				3D63DB6124ADEE87008425E6 /* MeteoApp.swift in Sources */,
				3DB5957C24B1E2F5005BDF8F /* SearchBar.swift in Sources */,
				3D63DB7924AE1C85008425E6 /* PredictionView.swift in Sources */,
				3D63DB7C24AE1F07008425E6 /* Models.swift in Sources */,
			);
			runOnlyForDeploymentPostprocessing = 0;
		};
		3D63DB4A24ADEE87008425E6 /* Sources */ = {
			isa = PBXSourcesBuildPhase;
			buildActionMask = 2147483647;
			files = (
				3D63DB5324ADEE87008425E6 /* Tests_iOS.swift in Sources */,
			);
			runOnlyForDeploymentPostprocessing = 0;
		};
		3D63DB5524ADEE87008425E6 /* Sources */ = {
			isa = PBXSourcesBuildPhase;
			buildActionMask = 2147483647;
			files = (
				3D63DB5E24ADEE87008425E6 /* Tests_macOS.swift in Sources */,
			);
			runOnlyForDeploymentPostprocessing = 0;
		};
/* End PBXSourcesBuildPhase section */

/* Begin PBXTargetDependency section */
		3D63DB5024ADEE87008425E6 /* PBXTargetDependency */ = {
			isa = PBXTargetDependency;
			target = 3D63DB3D24ADEE87008425E6 /* iOS */;
			targetProxy = 3D63DB4F24ADEE87008425E6 /* PBXContainerItemProxy */;
		};
		3D63DB5B24ADEE87008425E6 /* PBXTargetDependency */ = {
			isa = PBXTargetDependency;
			target = 3D63DB4524ADEE87008425E6 /* macOS */;
			targetProxy = 3D63DB5A24ADEE87008425E6 /* PBXContainerItemProxy */;
		};
/* End PBXTargetDependency section */

/* Begin XCBuildConfiguration section */
		3D63DB6624ADEE87008425E6 /* Debug */ = {
			isa = XCBuildConfiguration;
			buildSettings = {
				ALWAYS_SEARCH_USER_PATHS = NO;
				CLANG_ANALYZER_NONNULL = YES;
				CLANG_ANALYZER_NUMBER_OBJECT_CONVERSION = YES_AGGRESSIVE;
				CLANG_CXX_LANGUAGE_STANDARD = "gnu++14";
				CLANG_CXX_LIBRARY = "libc++";
				CLANG_ENABLE_MODULES = YES;
				CLANG_ENABLE_OBJC_ARC = YES;
				CLANG_ENABLE_OBJC_WEAK = YES;
				CLANG_WARN_BLOCK_CAPTURE_AUTORELEASING = YES;
				CLANG_WARN_BOOL_CONVERSION = YES;
				CLANG_WARN_COMMA = YES;
				CLANG_WARN_CONSTANT_CONVERSION = YES;
				CLANG_WARN_DEPRECATED_OBJC_IMPLEMENTATIONS = YES;
				CLANG_WARN_DIRECT_OBJC_ISA_USAGE = YES_ERROR;
				CLANG_WARN_DOCUMENTATION_COMMENTS = YES;
				CLANG_WARN_EMPTY_BODY = YES;
				CLANG_WARN_ENUM_CONVERSION = YES;
				CLANG_WARN_INFINITE_RECURSION = YES;
				CLANG_WARN_INT_CONVERSION = YES;
				CLANG_WARN_NON_LITERAL_NULL_CONVERSION = YES;
				CLANG_WARN_OBJC_IMPLICIT_RETAIN_SELF = YES;
				CLANG_WARN_OBJC_LITERAL_CONVERSION = YES;
				CLANG_WARN_OBJC_ROOT_CLASS = YES_ERROR;
				CLANG_WARN_QUOTED_INCLUDE_IN_FRAMEWORK_HEADER = YES;
				CLANG_WARN_RANGE_LOOP_ANALYSIS = YES;
				CLANG_WARN_STRICT_PROTOTYPES = YES;
				CLANG_WARN_SUSPICIOUS_MOVE = YES;
				CLANG_WARN_UNGUARDED_AVAILABILITY = YES_AGGRESSIVE;
				CLANG_WARN_UNREACHABLE_CODE = YES;
				CLANG_WARN__DUPLICATE_METHOD_MATCH = YES;
				COPY_PHASE_STRIP = NO;
				DEBUG_INFORMATION_FORMAT = dwarf;
				ENABLE_STRICT_OBJC_MSGSEND = YES;
				ENABLE_TESTABILITY = YES;
				GCC_C_LANGUAGE_STANDARD = gnu11;
				GCC_DYNAMIC_NO_PIC = NO;
				GCC_NO_COMMON_BLOCKS = YES;
				GCC_OPTIMIZATION_LEVEL = 0;
				GCC_PREPROCESSOR_DEFINITIONS = (
					"DEBUG=1",
					"$(inherited)",
				);
				GCC_WARN_64_TO_32_BIT_CONVERSION = YES;
				GCC_WARN_ABOUT_RETURN_TYPE = YES_ERROR;
				GCC_WARN_UNDECLARED_SELECTOR = YES;
				GCC_WARN_UNINITIALIZED_AUTOS = YES_AGGRESSIVE;
				GCC_WARN_UNUSED_FUNCTION = YES;
				GCC_WARN_UNUSED_VARIABLE = YES;
				MTL_ENABLE_DEBUG_INFO = INCLUDE_SOURCE;
				MTL_FAST_MATH = YES;
				ONLY_ACTIVE_ARCH = YES;
				SWIFT_ACTIVE_COMPILATION_CONDITIONS = DEBUG;
				SWIFT_OPTIMIZATION_LEVEL = "-Onone";
			};
			name = Debug;
		};
		3D63DB6724ADEE87008425E6 /* Release */ = {
			isa = XCBuildConfiguration;
			buildSettings = {
				ALWAYS_SEARCH_USER_PATHS = NO;
				CLANG_ANALYZER_NONNULL = YES;
				CLANG_ANALYZER_NUMBER_OBJECT_CONVERSION = YES_AGGRESSIVE;
				CLANG_CXX_LANGUAGE_STANDARD = "gnu++14";
				CLANG_CXX_LIBRARY = "libc++";
				CLANG_ENABLE_MODULES = YES;
				CLANG_ENABLE_OBJC_ARC = YES;
				CLANG_ENABLE_OBJC_WEAK = YES;
				CLANG_WARN_BLOCK_CAPTURE_AUTORELEASING = YES;
				CLANG_WARN_BOOL_CONVERSION = YES;
				CLANG_WARN_COMMA = YES;
				CLANG_WARN_CONSTANT_CONVERSION = YES;
				CLANG_WARN_DEPRECATED_OBJC_IMPLEMENTATIONS = YES;
				CLANG_WARN_DIRECT_OBJC_ISA_USAGE = YES_ERROR;
				CLANG_WARN_DOCUMENTATION_COMMENTS = YES;
				CLANG_WARN_EMPTY_BODY = YES;
				CLANG_WARN_ENUM_CONVERSION = YES;
				CLANG_WARN_INFINITE_RECURSION = YES;
				CLANG_WARN_INT_CONVERSION = YES;
				CLANG_WARN_NON_LITERAL_NULL_CONVERSION = YES;
				CLANG_WARN_OBJC_IMPLICIT_RETAIN_SELF = YES;
				CLANG_WARN_OBJC_LITERAL_CONVERSION = YES;
				CLANG_WARN_OBJC_ROOT_CLASS = YES_ERROR;
				CLANG_WARN_QUOTED_INCLUDE_IN_FRAMEWORK_HEADER = YES;
				CLANG_WARN_RANGE_LOOP_ANALYSIS = YES;
				CLANG_WARN_STRICT_PROTOTYPES = YES;
				CLANG_WARN_SUSPICIOUS_MOVE = YES;
				CLANG_WARN_UNGUARDED_AVAILABILITY = YES_AGGRESSIVE;
				CLANG_WARN_UNREACHABLE_CODE = YES;
				CLANG_WARN__DUPLICATE_METHOD_MATCH = YES;
				COPY_PHASE_STRIP = NO;
				DEBUG_INFORMATION_FORMAT = "dwarf-with-dsym";
				ENABLE_NS_ASSERTIONS = NO;
				ENABLE_STRICT_OBJC_MSGSEND = YES;
				GCC_C_LANGUAGE_STANDARD = gnu11;
				GCC_NO_COMMON_BLOCKS = YES;
				GCC_WARN_64_TO_32_BIT_CONVERSION = YES;
				GCC_WARN_ABOUT_RETURN_TYPE = YES_ERROR;
				GCC_WARN_UNDECLARED_SELECTOR = YES;
				GCC_WARN_UNINITIALIZED_AUTOS = YES_AGGRESSIVE;
				GCC_WARN_UNUSED_FUNCTION = YES;
				GCC_WARN_UNUSED_VARIABLE = YES;
				MTL_ENABLE_DEBUG_INFO = NO;
				MTL_FAST_MATH = YES;
				SWIFT_COMPILATION_MODE = wholemodule;
				SWIFT_OPTIMIZATION_LEVEL = "-O";
			};
			name = Release;
		};
		3D63DB6924ADEE87008425E6 /* Debug */ = {
			isa = XCBuildConfiguration;
			buildSettings = {
				ASSETCATALOG_COMPILER_APPICON_NAME = AppIcon;
				ASSETCATALOG_COMPILER_GLOBAL_ACCENT_COLOR_NAME = AccentColor;
				CODE_SIGN_STYLE = Automatic;
				DEVELOPMENT_TEAM = FLHCP5C7F2;
				ENABLE_PREVIEWS = YES;
				INFOPLIST_FILE = iOS/Info.plist;
				IPHONEOS_DEPLOYMENT_TARGET = 14.0;
				LD_RUNPATH_SEARCH_PATHS = (
					"$(inherited)",
					"@executable_path/Frameworks",
				);
				PRODUCT_BUNDLE_IDENTIFIER = me.jmml.Meteo;
				PRODUCT_NAME = Meteo;
				SDKROOT = iphoneos;
				SWIFT_VERSION = 5.0;
				TARGETED_DEVICE_FAMILY = "1,2";
			};
			name = Debug;
		};
		3D63DB6A24ADEE87008425E6 /* Release */ = {
			isa = XCBuildConfiguration;
			buildSettings = {
				ASSETCATALOG_COMPILER_APPICON_NAME = AppIcon;
				ASSETCATALOG_COMPILER_GLOBAL_ACCENT_COLOR_NAME = AccentColor;
				CODE_SIGN_IDENTITY = "Apple Development";
				CODE_SIGN_STYLE = Automatic;
				DEVELOPMENT_TEAM = FLHCP5C7F2;
				ENABLE_PREVIEWS = YES;
				INFOPLIST_FILE = iOS/Info.plist;
				IPHONEOS_DEPLOYMENT_TARGET = 14.0;
				LD_RUNPATH_SEARCH_PATHS = (
					"$(inherited)",
					"@executable_path/Frameworks",
				);
				PRODUCT_BUNDLE_IDENTIFIER = me.jmml.Meteo;
				PRODUCT_NAME = Meteo;
				PROVISIONING_PROFILE_SPECIFIER = "";
				SDKROOT = iphoneos;
				SWIFT_VERSION = 5.0;
				TARGETED_DEVICE_FAMILY = "1,2";
				VALIDATE_PRODUCT = YES;
			};
			name = Release;
		};
		3D63DB6C24ADEE87008425E6 /* Debug */ = {
			isa = XCBuildConfiguration;
			buildSettings = {
				ASSETCATALOG_COMPILER_APPICON_NAME = AppIcon;
				ASSETCATALOG_COMPILER_GLOBAL_ACCENT_COLOR_NAME = AccentColor;
				CODE_SIGN_ENTITLEMENTS = macOS/macOS.entitlements;
				CODE_SIGN_STYLE = Automatic;
				COMBINE_HIDPI_IMAGES = YES;
				ENABLE_PREVIEWS = YES;
				INFOPLIST_FILE = macOS/Info.plist;
				LD_RUNPATH_SEARCH_PATHS = (
					"$(inherited)",
					"@executable_path/../Frameworks",
				);
				MACOSX_DEPLOYMENT_TARGET = 10.16;
				PRODUCT_BUNDLE_IDENTIFIER = me.jmml.Meteo;
				PRODUCT_NAME = Meteo;
				SDKROOT = macosx;
				SWIFT_VERSION = 5.0;
			};
			name = Debug;
		};
		3D63DB6D24ADEE87008425E6 /* Release */ = {
			isa = XCBuildConfiguration;
			buildSettings = {
				ASSETCATALOG_COMPILER_APPICON_NAME = AppIcon;
				ASSETCATALOG_COMPILER_GLOBAL_ACCENT_COLOR_NAME = AccentColor;
				CODE_SIGN_ENTITLEMENTS = macOS/macOS.entitlements;
				CODE_SIGN_STYLE = Automatic;
				COMBINE_HIDPI_IMAGES = YES;
				ENABLE_PREVIEWS = YES;
				INFOPLIST_FILE = macOS/Info.plist;
				LD_RUNPATH_SEARCH_PATHS = (
					"$(inherited)",
					"@executable_path/../Frameworks",
				);
				MACOSX_DEPLOYMENT_TARGET = 10.16;
				PRODUCT_BUNDLE_IDENTIFIER = me.jmml.Meteo;
				PRODUCT_NAME = Meteo;
				SDKROOT = macosx;
				SWIFT_VERSION = 5.0;
			};
			name = Release;
		};
		3D63DB6F24ADEE87008425E6 /* Debug */ = {
			isa = XCBuildConfiguration;
			buildSettings = {
				ALWAYS_EMBED_SWIFT_STANDARD_LIBRARIES = YES;
				CODE_SIGN_STYLE = Automatic;
				INFOPLIST_FILE = "Tests iOS/Info.plist";
				IPHONEOS_DEPLOYMENT_TARGET = 14.0;
				LD_RUNPATH_SEARCH_PATHS = (
					"$(inherited)",
					"@executable_path/Frameworks",
					"@loader_path/Frameworks",
				);
				PRODUCT_BUNDLE_IDENTIFIER = "me.jmml.Tests-iOS";
				PRODUCT_NAME = "$(TARGET_NAME)";
				SDKROOT = iphoneos;
				SWIFT_VERSION = 5.0;
				TARGETED_DEVICE_FAMILY = "1,2";
				TEST_TARGET_NAME = iOS;
			};
			name = Debug;
		};
		3D63DB7024ADEE87008425E6 /* Release */ = {
			isa = XCBuildConfiguration;
			buildSettings = {
				ALWAYS_EMBED_SWIFT_STANDARD_LIBRARIES = YES;
				CODE_SIGN_STYLE = Automatic;
				INFOPLIST_FILE = "Tests iOS/Info.plist";
				IPHONEOS_DEPLOYMENT_TARGET = 14.0;
				LD_RUNPATH_SEARCH_PATHS = (
					"$(inherited)",
					"@executable_path/Frameworks",
					"@loader_path/Frameworks",
				);
				PRODUCT_BUNDLE_IDENTIFIER = "me.jmml.Tests-iOS";
				PRODUCT_NAME = "$(TARGET_NAME)";
				SDKROOT = iphoneos;
				SWIFT_VERSION = 5.0;
				TARGETED_DEVICE_FAMILY = "1,2";
				TEST_TARGET_NAME = iOS;
				VALIDATE_PRODUCT = YES;
			};
			name = Release;
		};
		3D63DB7224ADEE87008425E6 /* Debug */ = {
			isa = XCBuildConfiguration;
			buildSettings = {
				ALWAYS_EMBED_SWIFT_STANDARD_LIBRARIES = YES;
				CODE_SIGN_STYLE = Automatic;
				COMBINE_HIDPI_IMAGES = YES;
				INFOPLIST_FILE = "Tests macOS/Info.plist";
				LD_RUNPATH_SEARCH_PATHS = (
					"$(inherited)",
					"@executable_path/../Frameworks",
					"@loader_path/../Frameworks",
				);
				MACOSX_DEPLOYMENT_TARGET = 10.16;
				PRODUCT_BUNDLE_IDENTIFIER = "me.jmml.Tests-macOS";
				PRODUCT_NAME = "$(TARGET_NAME)";
				SDKROOT = macosx;
				SWIFT_VERSION = 5.0;
				TEST_TARGET_NAME = macOS;
			};
			name = Debug;
		};
		3D63DB7324ADEE87008425E6 /* Release */ = {
			isa = XCBuildConfiguration;
			buildSettings = {
				ALWAYS_EMBED_SWIFT_STANDARD_LIBRARIES = YES;
				CODE_SIGN_STYLE = Automatic;
				COMBINE_HIDPI_IMAGES = YES;
				INFOPLIST_FILE = "Tests macOS/Info.plist";
				LD_RUNPATH_SEARCH_PATHS = (
					"$(inherited)",
					"@executable_path/../Frameworks",
					"@loader_path/../Frameworks",
				);
				MACOSX_DEPLOYMENT_TARGET = 10.16;
				PRODUCT_BUNDLE_IDENTIFIER = "me.jmml.Tests-macOS";
				PRODUCT_NAME = "$(TARGET_NAME)";
				SDKROOT = macosx;
				SWIFT_VERSION = 5.0;
				TEST_TARGET_NAME = macOS;
			};
			name = Release;
		};
/* End XCBuildConfiguration section */

/* Begin XCConfigurationList section */
		3D63DB3524ADEE85008425E6 /* Build configuration list for PBXProject "Meteo" */ = {
			isa = XCConfigurationList;
			buildConfigurations = (
				3D63DB6624ADEE87008425E6 /* Debug */,
				3D63DB6724ADEE87008425E6 /* Release */,
			);
			defaultConfigurationIsVisible = 0;
			defaultConfigurationName = Release;
		};
		3D63DB6824ADEE87008425E6 /* Build configuration list for PBXNativeTarget "iOS" */ = {
			isa = XCConfigurationList;
			buildConfigurations = (
				3D63DB6924ADEE87008425E6 /* Debug */,
				3D63DB6A24ADEE87008425E6 /* Release */,
			);
			defaultConfigurationIsVisible = 0;
			defaultConfigurationName = Release;
		};
		3D63DB6B24ADEE87008425E6 /* Build configuration list for PBXNativeTarget "macOS" */ = {
			isa = XCConfigurationList;
			buildConfigurations = (
				3D63DB6C24ADEE87008425E6 /* Debug */,
				3D63DB6D24ADEE87008425E6 /* Release */,
			);
			defaultConfigurationIsVisible = 0;
			defaultConfigurationName = Release;
		};
		3D63DB6E24ADEE87008425E6 /* Build configuration list for PBXNativeTarget "Tests iOS" */ = {
			isa = XCConfigurationList;
			buildConfigurations = (
				3D63DB6F24ADEE87008425E6 /* Debug */,
				3D63DB7024ADEE87008425E6 /* Release */,
			);
			defaultConfigurationIsVisible = 0;
			defaultConfigurationName = Release;
		};
		3D63DB7124ADEE87008425E6 /* Build configuration list for PBXNativeTarget "Tests macOS" */ = {
			isa = XCConfigurationList;
			buildConfigurations = (
				3D63DB7224ADEE87008425E6 /* Debug */,
				3D63DB7324ADEE87008425E6 /* Release */,
			);
			defaultConfigurationIsVisible = 0;
			defaultConfigurationName = Release;
		};
/* End XCConfigurationList section */
	};
	rootObject = 3D63DB3224ADEE85008425E6 /* Project object */;
}
